
Microsoft Visual Studio Solution File, Format Version 12.00
# Visual Studio Version 17
VisualStudioVersion = 17.3.32811.315
MinimumVisualStudioVersion = 10.0.40219.1
Project("{FAE04EC0-301F-11D3-BF4B-00C04F79EFBC}") = "ProyectoSoap", "ProyectoSoap\ProyectoSoap.csproj", "{681F41F5-B549-4779-942D-D961A54BAE3D}"
EndProject
Global
	GlobalSection(SolutionConfigurationPlatforms) = preSolution
		Debug|Any CPU = Debug|Any CPU
		Release|Any CPU = Release|Any CPU
	EndGlobalSection
	GlobalSection(ProjectConfigurationPlatforms) = postSolution
		{681F41F5-B549-4779-942D-D961A54BAE3D}.Debug|Any CPU.ActiveCfg = Debug|Any CPU
		{681F41F5-B549-4779-942D-D961A54BAE3D}.Debug|Any CPU.Build.0 = Debug|Any CPU
		{681F41F5-B549-4779-942D-D961A54BAE3D}.Release|Any CPU.ActiveCfg = Release|Any CPU
		{681F41F5-B549-4779-942D-D961A54BAE3D}.Release|Any CPU.Build.0 = Release|Any CPU
	EndGlobalSection
	GlobalSection(SolutionProperties) = preSolution
		HideSolutionNode = FALSE
	EndGlobalSection
	GlobalSection(ExtensibilityGlobals) = postSolution
		SolutionGuid = {54E1711D-969F-4336-BB5C-BDADDC5028C3}
	EndGlobalSection
EndGlobal
